// !$*UTF8*$!
{
	archiveVersion = 1;
	classes = {
	};
	objectVersion = 46;
	objects = {

/* Begin PBXBuildFile section */
		5B5FB2811311514600719F62 /* UIKit.framework in Frameworks */ = {isa = PBXBuildFile; fileRef = 5B5FB2801311514600719F62 /* UIKit.framework */; };
		5B5FB2831311514600719F62 /* Foundation.framework in Frameworks */ = {isa = PBXBuildFile; fileRef = 5B5FB2821311514600719F62 /* Foundation.framework */; };
		5B5FB2851311514600719F62 /* CoreGraphics.framework in Frameworks */ = {isa = PBXBuildFile; fileRef = 5B5FB2841311514600719F62 /* CoreGraphics.framework */; };
		BF7B4635153C6E1E00616962 /* FirstViewController.m in Sources */ = {isa = PBXBuildFile; fileRef = BF7B4620153C6E1E00616962 /* FirstViewController.m */; };
		BF7B4637153C6E1E00616962 /* InfoBarAppDelegate.m in Sources */ = {isa = PBXBuildFile; fileRef = BF7B4624153C6E1E00616962 /* InfoBarAppDelegate.m */; };
		BF7B4638153C6E1E00616962 /* main.m in Sources */ = {isa = PBXBuildFile; fileRef = BF7B4625153C6E1E00616962 /* main.m */; };
		BF7B4639153C6E1E00616962 /* SecondViewController.m in Sources */ = {isa = PBXBuildFile; fileRef = BF7B4627153C6E1E00616962 /* SecondViewController.m */; };
		BF7B463A153C6E1E00616962 /* FirstView.xib in Resources */ = {isa = PBXBuildFile; fileRef = BF7B4628153C6E1E00616962 /* FirstView.xib */; };
		BF7B463B153C6E1E00616962 /* InfoPlist.strings in Resources */ = {isa = PBXBuildFile; fileRef = BF7B462A153C6E1E00616962 /* InfoPlist.strings */; };
		BF7B463C153C6E1E00616962 /* MainWindow.xib in Resources */ = {isa = PBXBuildFile; fileRef = BF7B462C153C6E1E00616962 /* MainWindow.xib */; };
		BF7B463D153C6E1E00616962 /* SecondView.xib in Resources */ = {isa = PBXBuildFile; fileRef = BF7B462E153C6E1E00616962 /* SecondView.xib */; };
		BF7B463E153C6E1E00616962 /* JBInfoBar.m in Sources */ = {isa = PBXBuildFile; fileRef = BF7B4632153C6E1E00616962 /* JBInfoBar.m */; };
		BF7B463F153C6E1E00616962 /* JBInfoBarManager.m in Sources */ = {isa = PBXBuildFile; fileRef = BF7B4634153C6E1E00616962 /* JBInfoBarManager.m */; };
		BF7B4647153C6EF300616962 /* Foundation.framework in Frameworks */ = {isa = PBXBuildFile; fileRef = 5B5FB2821311514600719F62 /* Foundation.framework */; };
		BF7B4657153C6FC600616962 /* Icon.png in Resources */ = {isa = PBXBuildFile; fileRef = BF7B4655153C6FC600616962 /* Icon.png */; };
		BF7B4658153C6FC600616962 /* Icon@2x.png in Resources */ = {isa = PBXBuildFile; fileRef = BF7B4656153C6FC600616962 /* Icon@2x.png */; };
		BF7B465E153C702900616962 /* libInfoBarStaticLibrary.a in Frameworks */ = {isa = PBXBuildFile; fileRef = BF7B4646153C6EF300616962 /* libInfoBarStaticLibrary.a */; };
		BF7B4661153C734700616962 /* JBInfoBar.h in Sources */ = {isa = PBXBuildFile; fileRef = BF7B4631153C6E1E00616962 /* JBInfoBar.h */; };
		BF7B4662153C734700616962 /* JBInfoBar.m in Sources */ = {isa = PBXBuildFile; fileRef = BF7B4632153C6E1E00616962 /* JBInfoBar.m */; };
		BF7B4663153C734700616962 /* JBInfoBarManager.h in Sources */ = {isa = PBXBuildFile; fileRef = BF7B4633153C6E1E00616962 /* JBInfoBarManager.h */; };
		BF7B4664153C734700616962 /* JBInfoBarManager.m in Sources */ = {isa = PBXBuildFile; fileRef = BF7B4634153C6E1E00616962 /* JBInfoBarManager.m */; };
/* End PBXBuildFile section */

/* Begin PBXContainerItemProxy section */
		BF7B465F153C708800616962 /* PBXContainerItemProxy */ = {
			isa = PBXContainerItemProxy;
			containerPortal = 5B5FB2731311514600719F62 /* Project object */;
			proxyType = 1;
			remoteGlobalIDString = BF7B4645153C6EF300616962;
			remoteInfo = InfoBarStaticLibrary;
		};
/* End PBXContainerItemProxy section */

/* Begin PBXFileReference section */
		5B5FB27C1311514600719F62 /* InfoBarDemo.app */ = {isa = PBXFileReference; explicitFileType = wrapper.application; includeInIndex = 0; path = InfoBarDemo.app; sourceTree = BUILT_PRODUCTS_DIR; };
		5B5FB2801311514600719F62 /* UIKit.framework */ = {isa = PBXFileReference; lastKnownFileType = wrapper.framework; name = UIKit.framework; path = System/Library/Frameworks/UIKit.framework; sourceTree = SDKROOT; };
		5B5FB2821311514600719F62 /* Foundation.framework */ = {isa = PBXFileReference; lastKnownFileType = wrapper.framework; name = Foundation.framework; path = System/Library/Frameworks/Foundation.framework; sourceTree = SDKROOT; };
		5B5FB2841311514600719F62 /* CoreGraphics.framework */ = {isa = PBXFileReference; lastKnownFileType = wrapper.framework; name = CoreGraphics.framework; path = System/Library/Frameworks/CoreGraphics.framework; sourceTree = SDKROOT; };
		BF7B461F153C6E1E00616962 /* FirstViewController.h */ = {isa = PBXFileReference; fileEncoding = 4; lastKnownFileType = sourcecode.c.h; path = FirstViewController.h; sourceTree = "<group>"; };
		BF7B4620153C6E1E00616962 /* FirstViewController.m */ = {isa = PBXFileReference; fileEncoding = 4; lastKnownFileType = sourcecode.c.objc; path = FirstViewController.m; sourceTree = "<group>"; };
		BF7B4621153C6E1E00616962 /* InfoBarDemo-Info.plist */ = {isa = PBXFileReference; fileEncoding = 4; lastKnownFileType = text.plist.xml; path = "InfoBarDemo-Info.plist"; sourceTree = "<group>"; };
		BF7B4622153C6E1E00616962 /* InfoBarDemo-Prefix.pch */ = {isa = PBXFileReference; fileEncoding = 4; lastKnownFileType = sourcecode.c.h; path = "InfoBarDemo-Prefix.pch"; sourceTree = "<group>"; };
		BF7B4623153C6E1E00616962 /* InfoBarAppDelegate.h */ = {isa = PBXFileReference; fileEncoding = 4; lastKnownFileType = sourcecode.c.h; path = InfoBarAppDelegate.h; sourceTree = "<group>"; };
		BF7B4624153C6E1E00616962 /* InfoBarAppDelegate.m */ = {isa = PBXFileReference; fileEncoding = 4; lastKnownFileType = sourcecode.c.objc; path = InfoBarAppDelegate.m; sourceTree = "<group>"; };
		BF7B4625153C6E1E00616962 /* main.m */ = {isa = PBXFileReference; fileEncoding = 4; lastKnownFileType = sourcecode.c.objc; path = main.m; sourceTree = "<group>"; };
		BF7B4626153C6E1E00616962 /* SecondViewController.h */ = {isa = PBXFileReference; fileEncoding = 4; lastKnownFileType = sourcecode.c.h; path = SecondViewController.h; sourceTree = "<group>"; };
		BF7B4627153C6E1E00616962 /* SecondViewController.m */ = {isa = PBXFileReference; fileEncoding = 4; lastKnownFileType = sourcecode.c.objc; path = SecondViewController.m; sourceTree = "<group>"; };
		BF7B4629153C6E1E00616962 /* en */ = {isa = PBXFileReference; lastKnownFileType = file.xib; name = en; path = en.lproj/FirstView.xib; sourceTree = "<group>"; };
		BF7B462B153C6E1E00616962 /* en */ = {isa = PBXFileReference; lastKnownFileType = text.plist.strings; name = en; path = en.lproj/InfoPlist.strings; sourceTree = "<group>"; };
		BF7B462D153C6E1E00616962 /* en */ = {isa = PBXFileReference; lastKnownFileType = file.xib; name = en; path = en.lproj/MainWindow.xib; sourceTree = "<group>"; };
		BF7B462F153C6E1E00616962 /* en */ = {isa = PBXFileReference; lastKnownFileType = file.xib; name = en; path = en.lproj/SecondView.xib; sourceTree = "<group>"; };
		BF7B4631153C6E1E00616962 /* JBInfoBar.h */ = {isa = PBXFileReference; fileEncoding = 4; lastKnownFileType = sourcecode.c.h; path = JBInfoBar.h; sourceTree = "<group>"; };
		BF7B4632153C6E1E00616962 /* JBInfoBar.m */ = {isa = PBXFileReference; fileEncoding = 4; lastKnownFileType = sourcecode.c.objc; path = JBInfoBar.m; sourceTree = "<group>"; };
		BF7B4633153C6E1E00616962 /* JBInfoBarManager.h */ = {isa = PBXFileReference; fileEncoding = 4; lastKnownFileType = sourcecode.c.h; path = JBInfoBarManager.h; sourceTree = "<group>"; };
		BF7B4634153C6E1E00616962 /* JBInfoBarManager.m */ = {isa = PBXFileReference; fileEncoding = 4; lastKnownFileType = sourcecode.c.objc; path = JBInfoBarManager.m; sourceTree = "<group>"; };
		BF7B4646153C6EF300616962 /* libInfoBarStaticLibrary.a */ = {isa = PBXFileReference; explicitFileType = archive.ar; includeInIndex = 0; path = libInfoBarStaticLibrary.a; sourceTree = BUILT_PRODUCTS_DIR; };
		BF7B4652153C6F6600616962 /* InfoBarStaticLibrary-Prefix.pch */ = {isa = PBXFileReference; fileEncoding = 4; lastKnownFileType = sourcecode.c.h; path = "InfoBarStaticLibrary-Prefix.pch"; sourceTree = "<group>"; };
		BF7B4655153C6FC600616962 /* Icon.png */ = {isa = PBXFileReference; lastKnownFileType = image.png; path = Icon.png; sourceTree = "<group>"; };
		BF7B4656153C6FC600616962 /* Icon@2x.png */ = {isa = PBXFileReference; lastKnownFileType = image.png; path = "Icon@2x.png"; sourceTree = "<group>"; };
/* End PBXFileReference section */

/* Begin PBXFrameworksBuildPhase section */
		5B5FB2791311514600719F62 /* Frameworks */ = {
			isa = PBXFrameworksBuildPhase;
			buildActionMask = 2147483647;
			files = (
				BF7B465E153C702900616962 /* libInfoBarStaticLibrary.a in Frameworks */,
				5B5FB2811311514600719F62 /* UIKit.framework in Frameworks */,
				5B5FB2831311514600719F62 /* Foundation.framework in Frameworks */,
				5B5FB2851311514600719F62 /* CoreGraphics.framework in Frameworks */,
			);
			runOnlyForDeploymentPostprocessing = 0;
		};
		BF7B4643153C6EF300616962 /* Frameworks */ = {
			isa = PBXFrameworksBuildPhase;
			buildActionMask = 2147483647;
			files = (
				BF7B4647153C6EF300616962 /* Foundation.framework in Frameworks */,
			);
			runOnlyForDeploymentPostprocessing = 0;
		};
/* End PBXFrameworksBuildPhase section */

/* Begin PBXGroup section */
		5B5FB2711311514600719F62 = {
			isa = PBXGroup;
			children = (
				BF7B461D153C6E1E00616962 /* Code */,
				BF7B4654153C6FC600616962 /* Resources */,
				5B5FB27F1311514600719F62 /* Frameworks */,
				5B5FB27D1311514600719F62 /* Products */,
			);
			sourceTree = "<group>";
		};
		5B5FB27D1311514600719F62 /* Products */ = {
			isa = PBXGroup;
			children = (
				5B5FB27C1311514600719F62 /* InfoBarDemo.app */,
				BF7B4646153C6EF300616962 /* libInfoBarStaticLibrary.a */,
			);
			name = Products;
			sourceTree = "<group>";
		};
		5B5FB27F1311514600719F62 /* Frameworks */ = {
			isa = PBXGroup;
			children = (
				5B5FB2801311514600719F62 /* UIKit.framework */,
				5B5FB2821311514600719F62 /* Foundation.framework */,
				5B5FB2841311514600719F62 /* CoreGraphics.framework */,
			);
			name = Frameworks;
			sourceTree = "<group>";
		};
		BF7B461D153C6E1E00616962 /* Code */ = {
			isa = PBXGroup;
			children = (
				BF7B4630153C6E1E00616962 /* Library */,
				BF7B461E153C6E1E00616962 /* Demo */,
			);
			path = Code;
			sourceTree = "<group>";
		};
		BF7B461E153C6E1E00616962 /* Demo */ = {
			isa = PBXGroup;
			children = (
				BF7B4623153C6E1E00616962 /* InfoBarAppDelegate.h */,
				BF7B4624153C6E1E00616962 /* InfoBarAppDelegate.m */,
				BF7B461F153C6E1E00616962 /* FirstViewController.h */,
				BF7B4620153C6E1E00616962 /* FirstViewController.m */,
				BF7B4626153C6E1E00616962 /* SecondViewController.h */,
				BF7B4627153C6E1E00616962 /* SecondViewController.m */,
				BF7B4628153C6E1E00616962 /* FirstView.xib */,
				BF7B462C153C6E1E00616962 /* MainWindow.xib */,
				BF7B462E153C6E1E00616962 /* SecondView.xib */,
				BF7B4641153C6EAB00616962 /* Supporting Files */,
			);
			path = Demo;
			sourceTree = "<group>";
		};
		BF7B4630153C6E1E00616962 /* Library */ = {
			isa = PBXGroup;
			children = (
				BF7B4631153C6E1E00616962 /* JBInfoBar.h */,
				BF7B4632153C6E1E00616962 /* JBInfoBar.m */,
				BF7B4633153C6E1E00616962 /* JBInfoBarManager.h */,
				BF7B4634153C6E1E00616962 /* JBInfoBarManager.m */,
				BF7B4653153C6F6B00616962 /* Supporting Files */,
			);
			path = Library;
			sourceTree = "<group>";
		};
		BF7B4641153C6EAB00616962 /* Supporting Files */ = {
			isa = PBXGroup;
			children = (
				BF7B4621153C6E1E00616962 /* InfoBarDemo-Info.plist */,
				BF7B4622153C6E1E00616962 /* InfoBarDemo-Prefix.pch */,
				BF7B462A153C6E1E00616962 /* InfoPlist.strings */,
				BF7B4625153C6E1E00616962 /* main.m */,
			);
			name = "Supporting Files";
			sourceTree = "<group>";
		};
		BF7B4653153C6F6B00616962 /* Supporting Files */ = {
			isa = PBXGroup;
			children = (
				BF7B4652153C6F6600616962 /* InfoBarStaticLibrary-Prefix.pch */,
			);
			name = "Supporting Files";
			sourceTree = "<group>";
		};
		BF7B4654153C6FC600616962 /* Resources */ = {
			isa = PBXGroup;
			children = (
				BF7B4655153C6FC600616962 /* Icon.png */,
				BF7B4656153C6FC600616962 /* Icon@2x.png */,
			);
			path = Resources;
			sourceTree = "<group>";
		};
/* End PBXGroup section */

/* Begin PBXHeadersBuildPhase section */
		BF7B4644153C6EF300616962 /* Headers */ = {
			isa = PBXHeadersBuildPhase;
			buildActionMask = 2147483647;
			files = (
			);
			runOnlyForDeploymentPostprocessing = 0;
		};
/* End PBXHeadersBuildPhase section */

/* Begin PBXNativeTarget section */
		5B5FB27B1311514600719F62 /* InfoBarDemo */ = {
			isa = PBXNativeTarget;
			buildConfigurationList = 5B5FB2A31311514600719F62 /* Build configuration list for PBXNativeTarget "InfoBarDemo" */;
			buildPhases = (
				5B5FB2781311514600719F62 /* Sources */,
				5B5FB2791311514600719F62 /* Frameworks */,
				5B5FB27A1311514600719F62 /* Resources */,
			);
			buildRules = (
			);
			dependencies = (
				BF7B4660153C708800616962 /* PBXTargetDependency */,
			);
			name = InfoBarDemo;
			productName = InfoBar;
			productReference = 5B5FB27C1311514600719F62 /* InfoBarDemo.app */;
			productType = "com.apple.product-type.application";
		};
		BF7B4645153C6EF300616962 /* InfoBarStaticLibrary */ = {
			isa = PBXNativeTarget;
			buildConfigurationList = BF7B464E153C6EF300616962 /* Build configuration list for PBXNativeTarget "InfoBarStaticLibrary" */;
			buildPhases = (
				BF7B4642153C6EF300616962 /* Sources */,
				BF7B4643153C6EF300616962 /* Frameworks */,
				BF7B4644153C6EF300616962 /* Headers */,
			);
			buildRules = (
			);
			dependencies = (
			);
			name = InfoBarStaticLibrary;
			productName = InfoBarStaticLibrary;
			productReference = BF7B4646153C6EF300616962 /* libInfoBarStaticLibrary.a */;
			productType = "com.apple.product-type.library.static";
		};
/* End PBXNativeTarget section */

/* Begin PBXProject section */
		5B5FB2731311514600719F62 /* Project object */ = {
			isa = PBXProject;
			buildConfigurationList = 5B5FB2761311514600719F62 /* Build configuration list for PBXProject "InfoBar" */;
			compatibilityVersion = "Xcode 3.2";
			developmentRegion = English;
			hasScannedForEncodings = 0;
			knownRegions = (
				en,
			);
			mainGroup = 5B5FB2711311514600719F62;
			productRefGroup = 5B5FB27D1311514600719F62 /* Products */;
			projectDirPath = "";
			projectRoot = "";
			targets = (
				BF7B4645153C6EF300616962 /* InfoBarStaticLibrary */,
				5B5FB27B1311514600719F62 /* InfoBarDemo */,
			);
		};
/* End PBXProject section */

/* Begin PBXResourcesBuildPhase section */
		5B5FB27A1311514600719F62 /* Resources */ = {
			isa = PBXResourcesBuildPhase;
			buildActionMask = 2147483647;
			files = (
				BF7B463A153C6E1E00616962 /* FirstView.xib in Resources */,
				BF7B463B153C6E1E00616962 /* InfoPlist.strings in Resources */,
				BF7B463C153C6E1E00616962 /* MainWindow.xib in Resources */,
				BF7B463D153C6E1E00616962 /* SecondView.xib in Resources */,
				BF7B4657153C6FC600616962 /* Icon.png in Resources */,
				BF7B4658153C6FC600616962 /* Icon@2x.png in Resources */,
			);
			runOnlyForDeploymentPostprocessing = 0;
		};
/* End PBXResourcesBuildPhase section */

/* Begin PBXSourcesBuildPhase section */
		5B5FB2781311514600719F62 /* Sources */ = {
			isa = PBXSourcesBuildPhase;
			buildActionMask = 2147483647;
			files = (
				BF7B4635153C6E1E00616962 /* FirstViewController.m in Sources */,
				BF7B4637153C6E1E00616962 /* InfoBarAppDelegate.m in Sources */,
				BF7B4638153C6E1E00616962 /* main.m in Sources */,
				BF7B4639153C6E1E00616962 /* SecondViewController.m in Sources */,
				BF7B463E153C6E1E00616962 /* JBInfoBar.m in Sources */,
				BF7B463F153C6E1E00616962 /* JBInfoBarManager.m in Sources */,
			);
			runOnlyForDeploymentPostprocessing = 0;
		};
		BF7B4642153C6EF300616962 /* Sources */ = {
			isa = PBXSourcesBuildPhase;
			buildActionMask = 2147483647;
			files = (
				BF7B4661153C734700616962 /* JBInfoBar.h in Sources */,
				BF7B4662153C734700616962 /* JBInfoBar.m in Sources */,
				BF7B4663153C734700616962 /* JBInfoBarManager.h in Sources */,
				BF7B4664153C734700616962 /* JBInfoBarManager.m in Sources */,
			);
			runOnlyForDeploymentPostprocessing = 0;
		};
/* End PBXSourcesBuildPhase section */

/* Begin PBXTargetDependency section */
		BF7B4660153C708800616962 /* PBXTargetDependency */ = {
			isa = PBXTargetDependency;
			target = BF7B4645153C6EF300616962 /* InfoBarStaticLibrary */;
			targetProxy = BF7B465F153C708800616962 /* PBXContainerItemProxy */;
		};
/* End PBXTargetDependency section */

/* Begin PBXVariantGroup section */
		BF7B4628153C6E1E00616962 /* FirstView.xib */ = {
			isa = PBXVariantGroup;
			children = (
				BF7B4629153C6E1E00616962 /* en */,
			);
			name = FirstView.xib;
			sourceTree = "<group>";
		};
		BF7B462A153C6E1E00616962 /* InfoPlist.strings */ = {
			isa = PBXVariantGroup;
			children = (
				BF7B462B153C6E1E00616962 /* en */,
			);
			name = InfoPlist.strings;
			sourceTree = "<group>";
		};
		BF7B462C153C6E1E00616962 /* MainWindow.xib */ = {
			isa = PBXVariantGroup;
			children = (
				BF7B462D153C6E1E00616962 /* en */,
			);
			name = MainWindow.xib;
			sourceTree = "<group>";
		};
		BF7B462E153C6E1E00616962 /* SecondView.xib */ = {
			isa = PBXVariantGroup;
			children = (
				BF7B462F153C6E1E00616962 /* en */,
			);
			name = SecondView.xib;
			sourceTree = "<group>";
		};
/* End PBXVariantGroup section */

/* Begin XCBuildConfiguration section */
		5B5FB2A11311514600719F62 /* Debug */ = {
			isa = XCBuildConfiguration;
			buildSettings = {
				ARCHS = "$(ARCHS_STANDARD_32_BIT)";
				"CODE_SIGN_IDENTITY[sdk=iphoneos*]" = "iPhone Developer";
				GCC_C_LANGUAGE_STANDARD = gnu99;
				GCC_OPTIMIZATION_LEVEL = 0;
				GCC_PREPROCESSOR_DEFINITIONS = "DEBUG=1";
				GCC_VERSION = com.apple.compilers.llvmgcc42;
				GCC_WARN_ABOUT_RETURN_TYPE = YES;
				GCC_WARN_UNUSED_VARIABLE = YES;
				IPHONEOS_DEPLOYMENT_TARGET = 4.0;
				SDKROOT = iphoneos;
			};
			name = Debug;
		};
		5B5FB2A21311514600719F62 /* Release */ = {
			isa = XCBuildConfiguration;
			buildSettings = {
				ARCHS = "$(ARCHS_STANDARD_32_BIT)";
				"CODE_SIGN_IDENTITY[sdk=iphoneos*]" = "iPhone Developer";
				GCC_C_LANGUAGE_STANDARD = gnu99;
				GCC_VERSION = com.apple.compilers.llvmgcc42;
				GCC_WARN_ABOUT_RETURN_TYPE = YES;
				GCC_WARN_UNUSED_VARIABLE = YES;
				IPHONEOS_DEPLOYMENT_TARGET = 4.0;
				OTHER_CFLAGS = "-DNS_BLOCK_ASSERTIONS=1";
				SDKROOT = iphoneos;
			};
			name = Release;
		};
		5B5FB2A41311514600719F62 /* Debug */ = {
			isa = XCBuildConfiguration;
			buildSettings = {
				ALWAYS_SEARCH_USER_PATHS = NO;
				COPY_PHASE_STRIP = NO;
				GCC_DYNAMIC_NO_PIC = NO;
				GCC_PRECOMPILE_PREFIX_HEADER = YES;
				GCC_PREFIX_HEADER = "Code/Demo/InfoBarDemo-Prefix.pch";
				INFOPLIST_FILE = "Code/Demo/InfoBarDemo-Info.plist";
				PRODUCT_NAME = "$(TARGET_NAME)";
				WRAPPER_EXTENSION = app;
			};
			name = Debug;
		};
		5B5FB2A51311514600719F62 /* Release */ = {
			isa = XCBuildConfiguration;
			buildSettings = {
				ALWAYS_SEARCH_USER_PATHS = NO;
				COPY_PHASE_STRIP = YES;
				GCC_PRECOMPILE_PREFIX_HEADER = YES;
				GCC_PREFIX_HEADER = "Code/Demo/InfoBarDemo-Prefix.pch";
				INFOPLIST_FILE = "Code/Demo/InfoBarDemo-Info.plist";
				PRODUCT_NAME = "$(TARGET_NAME)";
				VALIDATE_PRODUCT = YES;
				WRAPPER_EXTENSION = app;
			};
			name = Release;
		};
		BF7B464F153C6EF300616962 /* Debug */ = {
			isa = XCBuildConfiguration;
			buildSettings = {
				ALWAYS_SEARCH_USER_PATHS = NO;
				COPY_PHASE_STRIP = NO;
				DSTROOT = /tmp/InfoBarStaticLibrary.dst;
				GCC_PRECOMPILE_PREFIX_HEADER = YES;
				GCC_PREFIX_HEADER = "Code/Library/InfoBarStaticLibrary-Prefix.pch";
				GCC_VERSION = com.apple.compilers.llvm.clang.1_0;
				GCC_WARN_UNINITIALIZED_AUTOS = YES;
				OTHER_LDFLAGS = "-ObjC";
				PRODUCT_NAME = "$(TARGET_NAME)";
				SKIP_INSTALL = YES;
			};
			name = Debug;
		};
		BF7B4650153C6EF300616962 /* Release */ = {
			isa = XCBuildConfiguration;
			buildSettings = {
				ALWAYS_SEARCH_USER_PATHS = NO;
				COPY_PHASE_STRIP = YES;
				DSTROOT = /tmp/InfoBarStaticLibrary.dst;
				GCC_PRECOMPILE_PREFIX_HEADER = YES;
				GCC_PREFIX_HEADER = "Code/Library/InfoBarStaticLibrary-Prefix.pch";
				GCC_VERSION = com.apple.compilers.llvm.clang.1_0;
				GCC_WARN_UNINITIALIZED_AUTOS = YES;
				OTHER_LDFLAGS = "-ObjC";
				PRODUCT_NAME = "$(TARGET_NAME)";
				SKIP_INSTALL = YES;
				VALIDATE_PRODUCT = YES;
			};
			name = Release;
		};
/* End XCBuildConfiguration section */

/* Begin XCConfigurationList section */
		5B5FB2761311514600719F62 /* Build configuration list for PBXProject "InfoBar" */ = {
			isa = XCConfigurationList;
			buildConfigurations = (
				5B5FB2A11311514600719F62 /* Debug */,
				5B5FB2A21311514600719F62 /* Release */,
			);
			defaultConfigurationIsVisible = 0;
			defaultConfigurationName = Release;
		};
		5B5FB2A31311514600719F62 /* Build configuration list for PBXNativeTarget "InfoBarDemo" */ = {
			isa = XCConfigurationList;
			buildConfigurations = (
				5B5FB2A41311514600719F62 /* Debug */,
				5B5FB2A51311514600719F62 /* Release */,
			);
			defaultConfigurationIsVisible = 0;
			defaultConfigurationName = Release;
		};
		BF7B464E153C6EF300616962 /* Build configuration list for PBXNativeTarget "InfoBarStaticLibrary" */ = {
			isa = XCConfigurationList;
			buildConfigurations = (
				BF7B464F153C6EF300616962 /* Debug */,
				BF7B4650153C6EF300616962 /* Release */,
			);
			defaultConfigurationIsVisible = 0;
			defaultConfigurationName = Release;
		};
/* End XCConfigurationList section */
	};
	rootObject = 5B5FB2731311514600719F62 /* Project object */;
}
